
Microsoft Visual Studio Solution File, Format Version 12.00
# Visual Studio Version 16
VisualStudioVersion = 16.0.30503.244
MinimumVisualStudioVersion = 15.0.26124.0
Project("{2150E333-8FDC-42A3-9474-1A3956D46DE8}") = "tests", "tests", "{6298E58A-2B9F-476D-8564-B27495D3002C}"
EndProject
Project("{2150E333-8FDC-42A3-9474-1A3956D46DE8}") = "Core", "Core", "{940F1016-C4F6-4809-A450-1C7796830582}"
EndProject
Project("{9A19103F-16F7-4668-BE54-9A1E7A4F7556}") = "TicketSales.Core.Application.Tests", "tests\TicketSales.Core\TicketSales.Core.Application.Tests\TicketSales.Core.Application.Tests.csproj", "{1F289481-381E-4A4B-914D-DE98FF64786A}"
EndProject
Project("{2150E333-8FDC-42A3-9474-1A3956D46DE8}") = "src", "src", "{6566DC16-D1DF-4817-B158-895EC6FBE378}"
EndProject
Project("{2150E333-8FDC-42A3-9474-1A3956D46DE8}") = "Core", "Core", "{281E9561-8522-4629-AAD0-A6AEB22BD8AB}"
EndProject
Project("{9A19103F-16F7-4668-BE54-9A1E7A4F7556}") = "TicketSales.Core.Application", "src\TicketSales.Core\TicketSales.Core.Application\TicketSales.Core.Application.csproj", "{354BC32F-D050-455E-AAE0-F29ECACE7215}"
EndProject
Project("{9A19103F-16F7-4668-BE54-9A1E7A4F7556}") = "TicketSales.Core.Domain", "src\TicketSales.Core\TicketSales.Core.Domain\TicketSales.Core.Domain.csproj", "{5C9B9749-CE38-4A04-B4E9-3CAA18C25D57}"
EndProject
Project("{9A19103F-16F7-4668-BE54-9A1E7A4F7556}") = "TicketSales.Core.Web", "src\TicketSales.Core\TicketSales.Core.Web\TicketSales.Core.Web.csproj", "{E28AF18D-63E3-43A0-8A4E-221FCA8E8149}"
EndProject
Project("{9A19103F-16F7-4668-BE54-9A1E7A4F7556}") = "TicketSales.Messages", "src\TicketSales.Core\TicketSales.Messages\TicketSales.Messages.csproj", "{D7203DC3-318C-446C-BDCD-8B5CFAEF7CF4}"
EndProject
Project("{9A19103F-16F7-4668-BE54-9A1E7A4F7556}") = "TicketSales.Admin", "src\TicketSales.Admin\TicketSales.Admin.csproj", "{5BB46DE8-DB81-49C7-95D6-AD9B7DF0A0D8}"
EndProject
Project("{9A19103F-16F7-4668-BE54-9A1E7A4F7556}") = "TicketSales.User", "src\TicketSales.User\TicketSales.User.csproj", "{B90762CF-2E2C-4BB3-AF7A-0E3C15E7E7D2}"
EndProject
Project("{FAE04EC0-301F-11D3-BF4B-00C04F79EFBC}") = "TicketSales.Core.Database", "TicketSales.Core.Database\TicketSales.Core.Database.csproj", "{B75A037E-6402-4C3A-8F88-886F45D71720}"
EndProject
Global
	GlobalSection(SolutionConfigurationPlatforms) = preSolution
		Debug|Any CPU = Debug|Any CPU
		Release|Any CPU = Release|Any CPU
	EndGlobalSection
	GlobalSection(ProjectConfigurationPlatforms) = postSolution
		{1F289481-381E-4A4B-914D-DE98FF64786A}.Debug|Any CPU.ActiveCfg = Debug|Any CPU
		{1F289481-381E-4A4B-914D-DE98FF64786A}.Debug|Any CPU.Build.0 = Debug|Any CPU
		{1F289481-381E-4A4B-914D-DE98FF64786A}.Release|Any CPU.ActiveCfg = Release|Any CPU
		{1F289481-381E-4A4B-914D-DE98FF64786A}.Release|Any CPU.Build.0 = Release|Any CPU
		{354BC32F-D050-455E-AAE0-F29ECACE7215}.Debug|Any CPU.ActiveCfg = Debug|Any CPU
		{354BC32F-D050-455E-AAE0-F29ECACE7215}.Debug|Any CPU.Build.0 = Debug|Any CPU
		{354BC32F-D050-455E-AAE0-F29ECACE7215}.Release|Any CPU.ActiveCfg = Release|Any CPU
		{354BC32F-D050-455E-AAE0-F29ECACE7215}.Release|Any CPU.Build.0 = Release|Any CPU
		{5C9B9749-CE38-4A04-B4E9-3CAA18C25D57}.Debug|Any CPU.ActiveCfg = Debug|Any CPU
		{5C9B9749-CE38-4A04-B4E9-3CAA18C25D57}.Debug|Any CPU.Build.0 = Debug|Any CPU
		{5C9B9749-CE38-4A04-B4E9-3CAA18C25D57}.Release|Any CPU.ActiveCfg = Release|Any CPU
		{5C9B9749-CE38-4A04-B4E9-3CAA18C25D57}.Release|Any CPU.Build.0 = Release|Any CPU
		{E28AF18D-63E3-43A0-8A4E-221FCA8E8149}.Debug|Any CPU.ActiveCfg = Debug|Any CPU
		{E28AF18D-63E3-43A0-8A4E-221FCA8E8149}.Debug|Any CPU.Build.0 = Debug|Any CPU
		{E28AF18D-63E3-43A0-8A4E-221FCA8E8149}.Release|Any CPU.ActiveCfg = Release|Any CPU
		{E28AF18D-63E3-43A0-8A4E-221FCA8E8149}.Release|Any CPU.Build.0 = Release|Any CPU
		{D7203DC3-318C-446C-BDCD-8B5CFAEF7CF4}.Debug|Any CPU.ActiveCfg = Debug|Any CPU
		{D7203DC3-318C-446C-BDCD-8B5CFAEF7CF4}.Debug|Any CPU.Build.0 = Debug|Any CPU
		{D7203DC3-318C-446C-BDCD-8B5CFAEF7CF4}.Release|Any CPU.ActiveCfg = Release|Any CPU
		{D7203DC3-318C-446C-BDCD-8B5CFAEF7CF4}.Release|Any CPU.Build.0 = Release|Any CPU
		{5BB46DE8-DB81-49C7-95D6-AD9B7DF0A0D8}.Debug|Any CPU.ActiveCfg = Debug|Any CPU
		{5BB46DE8-DB81-49C7-95D6-AD9B7DF0A0D8}.Debug|Any CPU.Build.0 = Debug|Any CPU
		{5BB46DE8-DB81-49C7-95D6-AD9B7DF0A0D8}.Release|Any CPU.ActiveCfg = Release|Any CPU
		{5BB46DE8-DB81-49C7-95D6-AD9B7DF0A0D8}.Release|Any CPU.Build.0 = Release|Any CPU
		{B90762CF-2E2C-4BB3-AF7A-0E3C15E7E7D2}.Debug|Any CPU.ActiveCfg = Debug|Any CPU
		{B90762CF-2E2C-4BB3-AF7A-0E3C15E7E7D2}.Debug|Any CPU.Build.0 = Debug|Any CPU
		{B90762CF-2E2C-4BB3-AF7A-0E3C15E7E7D2}.Release|Any CPU.ActiveCfg = Release|Any CPU
		{B90762CF-2E2C-4BB3-AF7A-0E3C15E7E7D2}.Release|Any CPU.Build.0 = Release|Any CPU
		{B75A037E-6402-4C3A-8F88-886F45D71720}.Debug|Any CPU.ActiveCfg = Debug|Any CPU
		{B75A037E-6402-4C3A-8F88-886F45D71720}.Debug|Any CPU.Build.0 = Debug|Any CPU
		{B75A037E-6402-4C3A-8F88-886F45D71720}.Release|Any CPU.ActiveCfg = Release|Any CPU
		{B75A037E-6402-4C3A-8F88-886F45D71720}.Release|Any CPU.Build.0 = Release|Any CPU
	EndGlobalSection
	GlobalSection(SolutionProperties) = preSolution
		HideSolutionNode = FALSE
	EndGlobalSection
	GlobalSection(NestedProjects) = preSolution
		{940F1016-C4F6-4809-A450-1C7796830582} = {6298E58A-2B9F-476D-8564-B27495D3002C}
		{1F289481-381E-4A4B-914D-DE98FF64786A} = {940F1016-C4F6-4809-A450-1C7796830582}
		{281E9561-8522-4629-AAD0-A6AEB22BD8AB} = {6566DC16-D1DF-4817-B158-895EC6FBE378}
		{354BC32F-D050-455E-AAE0-F29ECACE7215} = {281E9561-8522-4629-AAD0-A6AEB22BD8AB}
		{5C9B9749-CE38-4A04-B4E9-3CAA18C25D57} = {281E9561-8522-4629-AAD0-A6AEB22BD8AB}
		{E28AF18D-63E3-43A0-8A4E-221FCA8E8149} = {281E9561-8522-4629-AAD0-A6AEB22BD8AB}
		{D7203DC3-318C-446C-BDCD-8B5CFAEF7CF4} = {281E9561-8522-4629-AAD0-A6AEB22BD8AB}
		{5BB46DE8-DB81-49C7-95D6-AD9B7DF0A0D8} = {6566DC16-D1DF-4817-B158-895EC6FBE378}
		{B90762CF-2E2C-4BB3-AF7A-0E3C15E7E7D2} = {6566DC16-D1DF-4817-B158-895EC6FBE378}
		{B75A037E-6402-4C3A-8F88-886F45D71720} = {281E9561-8522-4629-AAD0-A6AEB22BD8AB}
	EndGlobalSection
	GlobalSection(ExtensibilityGlobals) = postSolution
		SolutionGuid = {5A8E4E20-6221-45A0-98CB-619F34E2B9B2}
	EndGlobalSection
EndGlobal
